
Microsoft Visual Studio Solution File, Format Version 12.00
# Visual Studio 15
VisualStudioVersion = 15.0.28307.902
MinimumVisualStudioVersion = 10.0.40219.1
Project("{9A19103F-16F7-4668-BE54-9A1E7A4F7556}") = "OpenLibraryApiClient", "OpenLibraryApiClient\OpenLibraryApiClient.csproj", "{2BE00890-E85A-4879-B230-3644BC9147B9}"
EndProject
Project("{9A19103F-16F7-4668-BE54-9A1E7A4F7556}") = "OpenLibraryApiClient.Tests", "OpenLibraryApiClient.Tests\OpenLibraryApiClient.Tests.csproj", "{DB9DD190-E644-4F49-9B3C-5A141375A81F}"
EndProject
Global
	GlobalSection(SolutionConfigurationPlatforms) = preSolution
		Debug|Any CPU = Debug|Any CPU
		Release|Any CPU = Release|Any CPU
	EndGlobalSection
	GlobalSection(ProjectConfigurationPlatforms) = postSolution
		{2BE00890-E85A-4879-B230-3644BC9147B9}.Debug|Any CPU.ActiveCfg = Debug|Any CPU
		{2BE00890-E85A-4879-B230-3644BC9147B9}.Debug|Any CPU.Build.0 = Debug|Any CPU
		{2BE00890-E85A-4879-B230-3644BC9147B9}.Release|Any CPU.ActiveCfg = Release|Any CPU
		{2BE00890-E85A-4879-B230-3644BC9147B9}.Release|Any CPU.Build.0 = Release|Any CPU
		{DB9DD190-E644-4F49-9B3C-5A141375A81F}.Debug|Any CPU.ActiveCfg = Debug|Any CPU
		{DB9DD190-E644-4F49-9B3C-5A141375A81F}.Debug|Any CPU.Build.0 = Debug|Any CPU
		{DB9DD190-E644-4F49-9B3C-5A141375A81F}.Release|Any CPU.ActiveCfg = Release|Any CPU
		{DB9DD190-E644-4F49-9B3C-5A141375A81F}.Release|Any CPU.Build.0 = Release|Any CPU
	EndGlobalSection
	GlobalSection(SolutionProperties) = preSolution
		HideSolutionNode = FALSE
	EndGlobalSection
	GlobalSection(ExtensibilityGlobals) = postSolution
		SolutionGuid = {9A735298-C618-424C-B1D6-A3F16C5C6778}
	EndGlobalSection
EndGlobal
